
Microsoft Visual Studio Solution File, Format Version 12.00
# Visual Studio Version 17
VisualStudioVersion = 17.0.31903.59
MinimumVisualStudioVersion = 10.0.40219.1
Project("{2150E333-8FDC-42A3-9474-1A3956D46DE8}") = "API", "API", "{217A728F-9CAD-4762-9624-A10AFDC0C210}"
EndProject
Project("{FAE04EC0-301F-11D3-BF4B-00C04F79EFBC}") = "Curotec.API", "API\Curotec.API\Curotec.API.csproj", "{17408120-BA72-461F-BDE5-938F77EDA711}"
EndProject
Project("{FAE04EC0-301F-11D3-BF4B-00C04F79EFBC}") = "Curotec.Models", "API\Curotec.Models\Curotec.Models.csproj", "{87A5592A-6709-49C2-B499-03F6B5D6D27D}"
EndProject
Project("{FAE04EC0-301F-11D3-BF4B-00C04F79EFBC}") = "Curotec.Data", "API\Curotec.Data\Curotec.Data.csproj", "{2A97EE75-7D3D-46B4-8353-1E53958A6A77}"
EndProject
Project("{FAE04EC0-301F-11D3-BF4B-00C04F79EFBC}") = "Curotec.Services", "API\Curotec.Services\Curotec.Services.csproj", "{30838FCB-B7D7-4A80-BBDF-30B9863F4359}"
EndProject
Project("{FAE04EC0-301F-11D3-BF4B-00C04F79EFBC}") = "Curotec.Repository", "API\Curotec.Repository\Curotec.Repository.csproj", "{AB87CB67-9506-47DA-983F-AC0315F85805}"
EndProject
Global
	GlobalSection(SolutionConfigurationPlatforms) = preSolution
		Debug|Any CPU = Debug|Any CPU
		Release|Any CPU = Release|Any CPU
	EndGlobalSection
	GlobalSection(SolutionProperties) = preSolution
		HideSolutionNode = FALSE
	EndGlobalSection
	GlobalSection(ProjectConfigurationPlatforms) = postSolution
		{17408120-BA72-461F-BDE5-938F77EDA711}.Debug|Any CPU.ActiveCfg = Debug|Any CPU
		{17408120-BA72-461F-BDE5-938F77EDA711}.Debug|Any CPU.Build.0 = Debug|Any CPU
		{17408120-BA72-461F-BDE5-938F77EDA711}.Release|Any CPU.ActiveCfg = Release|Any CPU
		{17408120-BA72-461F-BDE5-938F77EDA711}.Release|Any CPU.Build.0 = Release|Any CPU
		{87A5592A-6709-49C2-B499-03F6B5D6D27D}.Debug|Any CPU.ActiveCfg = Debug|Any CPU
		{87A5592A-6709-49C2-B499-03F6B5D6D27D}.Debug|Any CPU.Build.0 = Debug|Any CPU
		{87A5592A-6709-49C2-B499-03F6B5D6D27D}.Release|Any CPU.ActiveCfg = Release|Any CPU
		{87A5592A-6709-49C2-B499-03F6B5D6D27D}.Release|Any CPU.Build.0 = Release|Any CPU
		{2A97EE75-7D3D-46B4-8353-1E53958A6A77}.Debug|Any CPU.ActiveCfg = Debug|Any CPU
		{2A97EE75-7D3D-46B4-8353-1E53958A6A77}.Debug|Any CPU.Build.0 = Debug|Any CPU
		{2A97EE75-7D3D-46B4-8353-1E53958A6A77}.Release|Any CPU.ActiveCfg = Release|Any CPU
		{2A97EE75-7D3D-46B4-8353-1E53958A6A77}.Release|Any CPU.Build.0 = Release|Any CPU
		{30838FCB-B7D7-4A80-BBDF-30B9863F4359}.Debug|Any CPU.ActiveCfg = Debug|Any CPU
		{30838FCB-B7D7-4A80-BBDF-30B9863F4359}.Debug|Any CPU.Build.0 = Debug|Any CPU
		{30838FCB-B7D7-4A80-BBDF-30B9863F4359}.Release|Any CPU.ActiveCfg = Release|Any CPU
		{30838FCB-B7D7-4A80-BBDF-30B9863F4359}.Release|Any CPU.Build.0 = Release|Any CPU
		{AB87CB67-9506-47DA-983F-AC0315F85805}.Debug|Any CPU.ActiveCfg = Debug|Any CPU
		{AB87CB67-9506-47DA-983F-AC0315F85805}.Debug|Any CPU.Build.0 = Debug|Any CPU
		{AB87CB67-9506-47DA-983F-AC0315F85805}.Release|Any CPU.ActiveCfg = Release|Any CPU
		{AB87CB67-9506-47DA-983F-AC0315F85805}.Release|Any CPU.Build.0 = Release|Any CPU
	EndGlobalSection
	GlobalSection(NestedProjects) = preSolution
		{17408120-BA72-461F-BDE5-938F77EDA711} = {217A728F-9CAD-4762-9624-A10AFDC0C210}
		{87A5592A-6709-49C2-B499-03F6B5D6D27D} = {217A728F-9CAD-4762-9624-A10AFDC0C210}
		{2A97EE75-7D3D-46B4-8353-1E53958A6A77} = {217A728F-9CAD-4762-9624-A10AFDC0C210}
		{30838FCB-B7D7-4A80-BBDF-30B9863F4359} = {217A728F-9CAD-4762-9624-A10AFDC0C210}
		{AB87CB67-9506-47DA-983F-AC0315F85805} = {217A728F-9CAD-4762-9624-A10AFDC0C210}
	EndGlobalSection
EndGlobal
